
Microsoft Visual Studio Solution File, Format Version 12.00
# Visual Studio 14
VisualStudioVersion = 14.0.25420.1
MinimumVisualStudioVersion = 10.0.40219.1
Project("{FAE04EC0-301F-11D3-BF4B-00C04F79EFBC}") = "WebLotteryTurntable", "WebLotteryTurntable\WebLotteryTurntable.csproj", "{EE8A77C8-7BB5-4247-9352-C4803B70F261}"
EndProject
Project("{FAE04EC0-301F-11D3-BF4B-00C04F79EFBC}") = "LotteryTurntable.Setting", "LotteryTurntable.Setting\LotteryTurntable.Setting.csproj", "{EAB024B2-E64A-4671-AD41-0BC440AB961E}"
EndProject
Project("{FAE04EC0-301F-11D3-BF4B-00C04F79EFBC}") = "WPFLotteryTurntable", "WPFLotteryTurntable\WPFLotteryTurntable.csproj", "{167D4ADD-FEF2-49E8-9531-609696318F98}"
EndProject
Global
	GlobalSection(SolutionConfigurationPlatforms) = preSolution
		Debug|Any CPU = Debug|Any CPU
		Release|Any CPU = Release|Any CPU
	EndGlobalSection
	GlobalSection(ProjectConfigurationPlatforms) = postSolution
		{EE8A77C8-7BB5-4247-9352-C4803B70F261}.Debug|Any CPU.ActiveCfg = Debug|Any CPU
		{EE8A77C8-7BB5-4247-9352-C4803B70F261}.Debug|Any CPU.Build.0 = Debug|Any CPU
		{EE8A77C8-7BB5-4247-9352-C4803B70F261}.Release|Any CPU.ActiveCfg = Release|Any CPU
		{EE8A77C8-7BB5-4247-9352-C4803B70F261}.Release|Any CPU.Build.0 = Release|Any CPU
		{EAB024B2-E64A-4671-AD41-0BC440AB961E}.Debug|Any CPU.ActiveCfg = Debug|Any CPU
		{EAB024B2-E64A-4671-AD41-0BC440AB961E}.Debug|Any CPU.Build.0 = Debug|Any CPU
		{EAB024B2-E64A-4671-AD41-0BC440AB961E}.Release|Any CPU.ActiveCfg = Release|Any CPU
		{EAB024B2-E64A-4671-AD41-0BC440AB961E}.Release|Any CPU.Build.0 = Release|Any CPU
		{167D4ADD-FEF2-49E8-9531-609696318F98}.Debug|Any CPU.ActiveCfg = Debug|Any CPU
		{167D4ADD-FEF2-49E8-9531-609696318F98}.Debug|Any CPU.Build.0 = Debug|Any CPU
		{167D4ADD-FEF2-49E8-9531-609696318F98}.Release|Any CPU.ActiveCfg = Release|Any CPU
		{167D4ADD-FEF2-49E8-9531-609696318F98}.Release|Any CPU.Build.0 = Release|Any CPU
	EndGlobalSection
	GlobalSection(SolutionProperties) = preSolution
		HideSolutionNode = FALSE
	EndGlobalSection
EndGlobal
